
Microsoft Visual Studio Solution File, Format Version 12.00
# Visual Studio Version 17
VisualStudioVersion = 17.5.002.0
MinimumVisualStudioVersion = 10.0.40219.1
Project("{9A19103F-16F7-4668-BE54-9A1E7A4F7556}") = "BlogEF", "BlogEF.csproj", "{8AEADF3F-C98C-4CA1-A0E6-52CDC629A620}"
EndProject
Global
	GlobalSection(SolutionConfigurationPlatforms) = preSolution
		Debug|Any CPU = Debug|Any CPU
		Release|Any CPU = Release|Any CPU
	EndGlobalSection
	GlobalSection(ProjectConfigurationPlatforms) = postSolution
		{8AEADF3F-C98C-4CA1-A0E6-52CDC629A620}.Debug|Any CPU.ActiveCfg = Debug|Any CPU
		{8AEADF3F-C98C-4CA1-A0E6-52CDC629A620}.Debug|Any CPU.Build.0 = Debug|Any CPU
		{8AEADF3F-C98C-4CA1-A0E6-52CDC629A620}.Release|Any CPU.ActiveCfg = Release|Any CPU
		{8AEADF3F-C98C-4CA1-A0E6-52CDC629A620}.Release|Any CPU.Build.0 = Release|Any CPU
	EndGlobalSection
	GlobalSection(SolutionProperties) = preSolution
		HideSolutionNode = FALSE
	EndGlobalSection
	GlobalSection(ExtensibilityGlobals) = postSolution
		SolutionGuid = {66D76AD3-599A-4E7E-85A3-971B090F061F}
	EndGlobalSection
EndGlobal
